{
  "name": "snake",
  "version": "1.0.0",
  "lockfileVersion": 1,
  "requires": true,
  "dependencies": {
    "@types/prop-types": {
      "version": "15.7.1",
      "resolved": "https://registry.npmjs.org/@types/prop-types/-/prop-types-15.7.1.tgz",
      "integrity": "sha512-CFzn9idOEpHrgdw8JsoTkaDDyRWk1jrzIV8djzcgpq0y9tG4B4lFT+Nxh52DVpDXV+n4+NPNv7M1Dj5uMp6XFg==",
      "dev": true
    },
    "@types/react": {
      "version": "16.9.2",
      "resolved": "https://registry.npmjs.org/@types/react/-/react-16.9.2.tgz",
      "integrity": "sha512-jYP2LWwlh+FTqGd9v7ynUKZzjj98T8x7Yclz479QdRhHfuW9yQ+0jjnD31eXSXutmBpppj5PYNLYLRfnZJvcfg==",
      "dev": true,
      "requires": {
        "@types/prop-types": "*",
        "csstype": "^2.2.0"
      }
    },
    "@types/react-dom": {
      "version": "16.9.0",
      "resolved": "https://registry.npmjs.org/@types/react-dom/-/react-dom-16.9.0.tgz",
      "integrity": "sha512-OL2lk7LYGjxn4b0efW3Pvf2KBVP0y1v3wip1Bp7nA79NkOpElH98q3WdCEdDj93b2b0zaeBG9DvriuKjIK5xDA==",
      "dev": true,
      "requires": {
        "@types/react": "*"
      }
    },
    "anymatch": {
      "version": "3.1.0",
      "resolved": "https://registry.npmjs.org/anymatch/-/anymatch-3.1.0.tgz",
      "integrity": "sha512-Ozz7l4ixzI7Oxj2+cw+p0tVUt27BpaJ+1+q1TCeANWxHpvyn2+Un+YamBdfKu0uh8xLodGhoa1v7595NhKDAuA==",
      "dev": true,
      "requires": {
        "normalize-path": "^3.0.0",
        "picomatch": "^2.0.4"
      }
    },
    "binary-extensions": {
      "version": "2.0.0",
      "resolved": "https://registry.npmjs.org/binary-extensions/-/binary-extensions-2.0.0.tgz",
      "integrity": "sha512-Phlt0plgpIIBOGTT/ehfFnbNlfsDEiqmzE2KRXoX1bLIlir4X/MR+zSyBEkL05ffWgnRSf/DXv+WrUAVr93/ow==",
      "dev": true
    },
    "braces": {
      "version": "3.0.2",
      "resolved": "https://registry.npmjs.org/braces/-/braces-3.0.2.tgz",
      "integrity": "sha512-b8um+L1RzM3WDSzvhm6gIz1yfTbBt6YTlcEKAvsmqCZZFw46z626lVj9j1yEPW33H5H+lBQpZMP1k8l+78Ha0A==",
      "dev": true,
      "requires": {
        "fill-range": "^7.0.1"
      }
    },
    "chokidar": {
      "version": "3.0.2",
      "resolved": "https://registry.npmjs.org/chokidar/-/chokidar-3.0.2.tgz",
      "integrity": "sha512-c4PR2egjNjI1um6bamCQ6bUNPDiyofNQruHvKgHQ4gDUP/ITSVSzNsiI5OWtHOsX323i5ha/kk4YmOZ1Ktg7KA==",
      "dev": true,
      "requires": {
        "anymatch": "^3.0.1",
        "braces": "^3.0.2",
        "fsevents": "^2.0.6",
        "glob-parent": "^5.0.0",
        "is-binary-path": "^2.1.0",
        "is-glob": "^4.0.1",
        "normalize-path": "^3.0.0",
        "readdirp": "^3.1.1"
      }
    },
    "classnames": {
      "version": "2.2.6",
      "resolved": "https://registry.npmjs.org/classnames/-/classnames-2.2.6.tgz",
      "integrity": "sha512-JR/iSQOSt+LQIWwrwEzJ9uk0xfN3mTVYMwt1Ir5mUcSN6pU+V4zQFFaJsclJbPuAUQH+yfWef6tm7l1quW3C8Q=="
    },
    "csstype": {
      "version": "2.6.6",
      "resolved": "https://registry.npmjs.org/csstype/-/csstype-2.6.6.tgz",
      "integrity": "sha512-RpFbQGUE74iyPgvr46U9t1xoQBM8T4BL8SxrN66Le2xYAPSaDJJKeztV3awugusb3g3G9iL8StmkBBXhcbbXhg==",
      "dev": true
    },
    "fill-range": {
      "version": "7.0.1",
      "resolved": "https://registry.npmjs.org/fill-range/-/fill-range-7.0.1.tgz",
      "integrity": "sha512-qOo9F+dMUmC2Lcb4BbVvnKJxTPjCm+RRpe4gDuGrzkL7mEVl/djYSu2OdQ2Pa302N4oqkSg9ir6jaLWJ2USVpQ==",
      "dev": true,
      "requires": {
        "to-regex-range": "^5.0.1"
      }
    },
    "fsevents": {
      "version": "2.0.7",
      "resolved": "https://registry.npmjs.org/fsevents/-/fsevents-2.0.7.tgz",
      "integrity": "sha512-a7YT0SV3RB+DjYcppwVDLtn13UQnmg0SWZS7ezZD0UjnLwXmy8Zm21GMVGLaFGimIqcvyMQaOJBrop8MyOp1kQ==",
      "dev": true,
      "optional": true
    },
    "glob-parent": {
      "version": "5.1.2",
      "resolved": "https://registry.npmjs.org/glob-parent/-/glob-parent-5.1.2.tgz",
      "integrity": "sha512-AOIgSQCepiJYwP3ARnGx+5VnTu2HBYdzbGP45eLw1vr3zB3vZLeyed1sC9hnbcOc9/SrMyM5RPQrkGz4aS9Zow==",
      "dev": true,
      "requires": {
        "is-glob": "^4.0.1"
      }
    },
    "is-binary-path": {
      "version": "2.1.0",
      "resolved": "https://registry.npmjs.org/is-binary-path/-/is-binary-path-2.1.0.tgz",
      "integrity": "sha512-ZMERYes6pDydyuGidse7OsHxtbI7WVeUEozgR/g7rd0xUimYNlvZRE/K2MgZTjWy725IfelLeVcEM97mmtRGXw==",
      "dev": true,
      "requires": {
        "binary-extensions": "^2.0.0"
      }
    },
    "is-extglob": {
      "version": "2.1.1",
      "resolved": "https://registry.npmjs.org/is-extglob/-/is-extglob-2.1.1.tgz",
      "integrity": "sha1-qIwCU1eR8C7TfHahueqXc8gz+MI=",
      "dev": true
    },
    "is-glob": {
      "version": "4.0.1",
      "resolved": "https://registry.npmjs.org/is-glob/-/is-glob-4.0.1.tgz",
      "integrity": "sha512-5G0tKtBTFImOqDnLB2hG6Bp2qcKEFduo4tZu9MT/H6NQv/ghhy30o55ufafxJ/LdH79LLs2Kfrn85TLKyA7BUg==",
      "dev": true,
      "requires": {
        "is-extglob": "^2.1.1"
      }
    },
    "is-number": {
      "version": "7.0.0",
      "resolved": "https://registry.npmjs.org/is-number/-/is-number-7.0.0.tgz",
      "integrity": "sha512-41Cifkg6e8TylSpdtTpeLVMqvSBEVzTttHvERD741+pnZ8ANv0004MRL43QKPDlK9cGvNp6NZWZUBlbGXYxxng==",
      "dev": true
    },
    "js-tokens": {
      "version": "4.0.0",
      "resolved": "https://registry.npmjs.org/js-tokens/-/js-tokens-4.0.0.tgz",
      "integrity": "sha512-RdJUflcE3cUzKiMqQgsCu06FPu9UdIJO0beYbPhHN4k6apgJtifcoCtT9bcxOpYBtpD2kCM6Sbzg4CausW/PKQ=="
    },
    "loose-envify": {
      "version": "1.4.0",
      "resolved": "https://registry.npmjs.org/loose-envify/-/loose-envify-1.4.0.tgz",
      "integrity": "sha512-lyuxPGr/Wfhrlem2CL/UcnUc1zcqKAImBDzukY7Y5F/yQiNdko6+fRLevlw1HgMySw7f611UIY408EtxRSoK3Q==",
      "requires": {
        "js-tokens": "^3.0.0 || ^4.0.0"
      }
    },
    "normalize-path": {
      "version": "3.0.0",
      "resolved": "https://registry.npmjs.org/normalize-path/-/normalize-path-3.0.0.tgz",
      "integrity": "sha512-6eZs5Ls3WtCisHWp9S2GUy8dqkpGi4BVSz3GaqiE6ezub0512ESztXUwUB6C6IKbQkY2Pnb/mD4WYojCRwcwLA==",
      "dev": true
    },
    "object-assign": {
      "version": "4.1.1",
      "resolved": "https://registry.npmjs.org/object-assign/-/object-assign-4.1.1.tgz",
      "integrity": "sha1-IQmtx5ZYh8/AXLvUQsrIv7s2CGM="
    },
    "picomatch": {
      "version": "2.0.7",
      "resolved": "https://registry.npmjs.org/picomatch/-/picomatch-2.0.7.tgz",
      "integrity": "sha512-oLHIdio3tZ0qH76NybpeneBhYVj0QFTfXEFTc/B3zKQspYfYYkWYgFsmzo+4kvId/bQRcNkVeguI3y+CD22BtA==",
      "dev": true
    },
    "prop-types": {
      "version": "15.7.2",
      "resolved": "https://registry.npmjs.org/prop-types/-/prop-types-15.7.2.tgz",
      "integrity": "sha512-8QQikdH7//R2vurIJSutZ1smHYTcLpRWEOlHnzcWHmBYrOGUysKwSsrC89BCiFj3CbrfJ/nXFdJepOVrY1GCHQ==",
      "requires": {
        "loose-envify": "^1.4.0",
        "object-assign": "^4.1.1",
        "react-is": "^16.8.1"
      }
    },
    "react": {
      "version": "16.9.0",
      "resolved": "https://registry.npmjs.org/react/-/react-16.9.0.tgz",
      "integrity": "sha512-+7LQnFBwkiw+BobzOF6N//BdoNw0ouwmSJTEm9cglOOmsg/TMiFHZLe2sEoN5M7LgJTj9oHH0gxklfnQe66S1w==",
      "requires": {
        "loose-envify": "^1.1.0",
        "object-assign": "^4.1.1",
        "prop-types": "^15.6.2"
      }
    },
    "react-dom": {
      "version": "16.9.0",
      "resolved": "https://registry.npmjs.org/react-dom/-/react-dom-16.9.0.tgz",
      "integrity": "sha512-YFT2rxO9hM70ewk9jq0y6sQk8cL02xm4+IzYBz75CQGlClQQ1Bxq0nhHF6OtSbit+AIahujJgb/CPRibFkMNJQ==",
      "requires": {
        "loose-envify": "^1.1.0",
        "object-assign": "^4.1.1",
        "prop-types": "^15.6.2",
        "scheduler": "^0.15.0"
      }
    },
    "react-is": {
      "version": "16.9.0",
      "resolved": "https://registry.npmjs.org/react-is/-/react-is-16.9.0.tgz",
      "integrity": "sha512-tJBzzzIgnnRfEm046qRcURvwQnZVXmuCbscxUO5RWrGTXpon2d4c8mI0D8WE6ydVIm29JiLB6+RslkIvym9Rjw=="
    },
    "readdirp": {
      "version": "3.1.2",
      "resolved": "https://registry.npmjs.org/readdirp/-/readdirp-3.1.2.tgz",
      "integrity": "sha512-8rhl0xs2cxfVsqzreYCvs8EwBfn/DhVdqtoLmw19uI3SC5avYX9teCurlErfpPXGmYtMHReGaP2RsLnFvz/lnw==",
      "dev": true,
      "requires": {
        "picomatch": "^2.0.4"
      }
    },
    "sass": {
      "version": "1.22.10",
      "resolved": "https://registry.npmjs.org/sass/-/sass-1.22.10.tgz",
      "integrity": "sha512-DUpS1tVMGCH6gr/N9cXCoemrjoNdOLhAHfQ37fJw2A5ZM4gSI9ej/8Xi95Xwus03RqZ2zdSnKZGULL7oS+jfMA==",
      "dev": true,
      "requires": {
        "chokidar": ">=2.0.0 <4.0.0"
      }
    },
    "scheduler": {
      "version": "0.15.0",
      "resolved": "https://registry.npmjs.org/scheduler/-/scheduler-0.15.0.tgz",
      "integrity": "sha512-xAefmSfN6jqAa7Kuq7LIJY0bwAPG3xlCj0HMEBQk1lxYiDKZscY2xJ5U/61ZTrYbmNQbXa+gc7czPkVo11tnCg==",
      "requires": {
        "loose-envify": "^1.1.0",
        "object-assign": "^4.1.1"
      }
    },
    "to-regex-range": {
      "version": "5.0.1",
      "resolved": "https://registry.npmjs.org/to-regex-range/-/to-regex-range-5.0.1.tgz",
      "integrity": "sha512-65P7iz6X5yEr1cwcgvQxbbIw7Uk3gOy5dIdtZ4rDveLqhrdJP+Li/Hx6tyK0NEb+2GCyneCMJiGqrADCSNk8sQ==",
      "dev": true,
      "requires": {
        "is-number": "^7.0.0"
      }
    },
    "typescript": {
      "version": "3.6.2",
      "resolved": "https://registry.npmjs.org/typescript/-/typescript-3.6.2.tgz",
      "integrity": "sha512-lmQ4L+J6mnu3xweP8+rOrUwzmN+MRAj7TgtJtDaXE5PMyX2kCrklhg3rvOsOIfNeAWMQWO2F1GPc1kMD2vLAfw==",
      "dev": true
    }
  }
}
